// !$*UTF8*$!
{
	archiveVersion = 1;
	classes = {
	};
	objectVersion = 50;
	objects = {

/* Begin PBXBuildFile section */
		C904D50F242AD04300B774E9 /* TipController.swift in Sources */ = {isa = PBXBuildFile; fileRef = C904D50E242AD04300B774E9 /* TipController.swift */; };
		C904D511242B0DA200B774E9 /* Comments.swift in Sources */ = {isa = PBXBuildFile; fileRef = C904D510242B0DA200B774E9 /* Comments.swift */; };
		C904D513242B0F4100B774E9 /* TipDetailViewController.swift in Sources */ = {isa = PBXBuildFile; fileRef = C904D512242B0F4100B774E9 /* TipDetailViewController.swift */; };
		C904D515242B2AA200B774E9 /* Tip.swift in Sources */ = {isa = PBXBuildFile; fileRef = C904D514242B2AA200B774E9 /* Tip.swift */; };
		C904D517242C12B900B774E9 /* AlertMessages.swift in Sources */ = {isa = PBXBuildFile; fileRef = C904D516242C12B900B774E9 /* AlertMessages.swift */; };
		C967C0E7247CA95900C33BF4 /* HistoryTableViewController.swift in Sources */ = {isa = PBXBuildFile; fileRef = C967C0E6247CA95900C33BF4 /* HistoryTableViewController.swift */; };
		C967C0E9247CAA5400C33BF4 /* HistoryTableViewCell.swift in Sources */ = {isa = PBXBuildFile; fileRef = C967C0E8247CAA5400C33BF4 /* HistoryTableViewCell.swift */; };
		C967C0EB247CAF4200C33BF4 /* Date+Formatter.swift in Sources */ = {isa = PBXBuildFile; fileRef = C967C0EA247CAF4200C33BF4 /* Date+Formatter.swift */; };
		C967C0ED247CBA5A00C33BF4 /* Tips.swift in Sources */ = {isa = PBXBuildFile; fileRef = C967C0EC247CBA5A00C33BF4 /* Tips.swift */; };
		C987D5B324292E830029ACC7 /* AppDelegate.swift in Sources */ = {isa = PBXBuildFile; fileRef = C987D5B224292E830029ACC7 /* AppDelegate.swift */; };
		C987D5B524292E830029ACC7 /* SceneDelegate.swift in Sources */ = {isa = PBXBuildFile; fileRef = C987D5B424292E830029ACC7 /* SceneDelegate.swift */; };
		C987D5BA24292E830029ACC7 /* Main.storyboard in Resources */ = {isa = PBXBuildFile; fileRef = C987D5B824292E830029ACC7 /* Main.storyboard */; };
		C987D5BC24292E840029ACC7 /* Assets.xcassets in Resources */ = {isa = PBXBuildFile; fileRef = C987D5BB24292E840029ACC7 /* Assets.xcassets */; };
		C987D5BF24292E840029ACC7 /* LaunchScreen.storyboard in Resources */ = {isa = PBXBuildFile; fileRef = C987D5BD24292E840029ACC7 /* LaunchScreen.storyboard */; };
		C987D5CA2429A9C40029ACC7 /* MainViewController.swift in Sources */ = {isa = PBXBuildFile; fileRef = C987D5C92429A9C40029ACC7 /* MainViewController.swift */; };
/* End PBXBuildFile section */

/* Begin PBXFileReference section */
		C904D50E242AD04300B774E9 /* TipController.swift */ = {isa = PBXFileReference; lastKnownFileType = sourcecode.swift; path = TipController.swift; sourceTree = "<group>"; };
		C904D510242B0DA200B774E9 /* Comments.swift */ = {isa = PBXFileReference; lastKnownFileType = sourcecode.swift; path = Comments.swift; sourceTree = "<group>"; };
		C904D512242B0F4100B774E9 /* TipDetailViewController.swift */ = {isa = PBXFileReference; lastKnownFileType = sourcecode.swift; path = TipDetailViewController.swift; sourceTree = "<group>"; };
		C904D514242B2AA200B774E9 /* Tip.swift */ = {isa = PBXFileReference; lastKnownFileType = sourcecode.swift; path = Tip.swift; sourceTree = "<group>"; };
		C904D516242C12B900B774E9 /* AlertMessages.swift */ = {isa = PBXFileReference; lastKnownFileType = sourcecode.swift; path = AlertMessages.swift; sourceTree = "<group>"; };
		C967C0E6247CA95900C33BF4 /* HistoryTableViewController.swift */ = {isa = PBXFileReference; lastKnownFileType = sourcecode.swift; path = HistoryTableViewController.swift; sourceTree = "<group>"; };
		C967C0E8247CAA5400C33BF4 /* HistoryTableViewCell.swift */ = {isa = PBXFileReference; lastKnownFileType = sourcecode.swift; path = HistoryTableViewCell.swift; sourceTree = "<group>"; };
		C967C0EA247CAF4200C33BF4 /* Date+Formatter.swift */ = {isa = PBXFileReference; lastKnownFileType = sourcecode.swift; path = "Date+Formatter.swift"; sourceTree = "<group>"; };
		C967C0EC247CBA5A00C33BF4 /* Tips.swift */ = {isa = PBXFileReference; lastKnownFileType = sourcecode.swift; path = Tips.swift; sourceTree = "<group>"; };
		C987D5AF24292E830029ACC7 /* TipShit.app */ = {isa = PBXFileReference; explicitFileType = wrapper.application; includeInIndex = 0; path = TipShit.app; sourceTree = BUILT_PRODUCTS_DIR; };
		C987D5B224292E830029ACC7 /* AppDelegate.swift */ = {isa = PBXFileReference; lastKnownFileType = sourcecode.swift; path = AppDelegate.swift; sourceTree = "<group>"; };
		C987D5B424292E830029ACC7 /* SceneDelegate.swift */ = {isa = PBXFileReference; lastKnownFileType = sourcecode.swift; path = SceneDelegate.swift; sourceTree = "<group>"; };
		C987D5B924292E830029ACC7 /* Base */ = {isa = PBXFileReference; lastKnownFileType = file.storyboard; name = Base; path = Base.lproj/Main.storyboard; sourceTree = "<group>"; };
		C987D5BB24292E840029ACC7 /* Assets.xcassets */ = {isa = PBXFileReference; lastKnownFileType = folder.assetcatalog; path = Assets.xcassets; sourceTree = "<group>"; };
		C987D5BE24292E840029ACC7 /* Base */ = {isa = PBXFileReference; lastKnownFileType = file.storyboard; name = Base; path = Base.lproj/LaunchScreen.storyboard; sourceTree = "<group>"; };
		C987D5C024292E840029ACC7 /* Info.plist */ = {isa = PBXFileReference; lastKnownFileType = text.plist.xml; path = Info.plist; sourceTree = "<group>"; };
		C987D5C92429A9C40029ACC7 /* MainViewController.swift */ = {isa = PBXFileReference; lastKnownFileType = sourcecode.swift; path = MainViewController.swift; sourceTree = "<group>"; };
/* End PBXFileReference section */

/* Begin PBXFrameworksBuildPhase section */
		C987D5AC24292E830029ACC7 /* Frameworks */ = {
			isa = PBXFrameworksBuildPhase;
			buildActionMask = 2147483647;
			files = (
			);
			runOnlyForDeploymentPostprocessing = 0;
		};
/* End PBXFrameworksBuildPhase section */

/* Begin PBXGroup section */
		C987D5A624292E830029ACC7 = {
			isa = PBXGroup;
			children = (
				C987D5B124292E830029ACC7 /* TipShit */,
				C987D5B024292E830029ACC7 /* Products */,
			);
			sourceTree = "<group>";
		};
		C987D5B024292E830029ACC7 /* Products */ = {
			isa = PBXGroup;
			children = (
				C987D5AF24292E830029ACC7 /* TipShit.app */,
			);
			name = Products;
			sourceTree = "<group>";
		};
		C987D5B124292E830029ACC7 /* TipShit */ = {
			isa = PBXGroup;
			children = (
				C987D5C024292E840029ACC7 /* Info.plist */,
				C987D5B224292E830029ACC7 /* AppDelegate.swift */,
				C987D5B424292E830029ACC7 /* SceneDelegate.swift */,
				C987D5BB24292E840029ACC7 /* Assets.xcassets */,
				C987D5BD24292E840029ACC7 /* LaunchScreen.storyboard */,
				C987D5C724292EFF0029ACC7 /* Models */,
				C987D5C624292EED0029ACC7 /* Storyboard */,
				C987D5C824292F070029ACC7 /* View Controllers */,
			);
			path = TipShit;
			sourceTree = "<group>";
		};
		C987D5C624292EED0029ACC7 /* Storyboard */ = {
			isa = PBXGroup;
			children = (
				C987D5B824292E830029ACC7 /* Main.storyboard */,
			);
			path = Storyboard;
			sourceTree = "<group>";
		};
		C987D5C724292EFF0029ACC7 /* Models */ = {
			isa = PBXGroup;
			children = (
				C904D50E242AD04300B774E9 /* TipController.swift */,
				C904D510242B0DA200B774E9 /* Comments.swift */,
				C904D514242B2AA200B774E9 /* Tip.swift */,
				C904D516242C12B900B774E9 /* AlertMessages.swift */,
				C967C0EA247CAF4200C33BF4 /* Date+Formatter.swift */,
				C967C0EC247CBA5A00C33BF4 /* Tips.swift */,
			);
			path = Models;
			sourceTree = "<group>";
		};
		C987D5C824292F070029ACC7 /* View Controllers */ = {
			isa = PBXGroup;
			children = (
				C987D5C92429A9C40029ACC7 /* MainViewController.swift */,
				C904D512242B0F4100B774E9 /* TipDetailViewController.swift */,
				C967C0E6247CA95900C33BF4 /* HistoryTableViewController.swift */,
				C967C0E8247CAA5400C33BF4 /* HistoryTableViewCell.swift */,
			);
			path = "View Controllers";
			sourceTree = "<group>";
		};
/* End PBXGroup section */

/* Begin PBXNativeTarget section */
		C987D5AE24292E830029ACC7 /* TipShit */ = {
			isa = PBXNativeTarget;
			buildConfigurationList = C987D5C324292E840029ACC7 /* Build configuration list for PBXNativeTarget "TipShit" */;
			buildPhases = (
				C987D5AB24292E830029ACC7 /* Sources */,
				C987D5AC24292E830029ACC7 /* Frameworks */,
				C987D5AD24292E830029ACC7 /* Resources */,
			);
			buildRules = (
			);
			dependencies = (
			);
			name = TipShit;
			productName = TipShit;
			productReference = C987D5AF24292E830029ACC7 /* TipShit.app */;
			productType = "com.apple.product-type.application";
		};
/* End PBXNativeTarget section */

/* Begin PBXProject section */
		C987D5A724292E830029ACC7 /* Project object */ = {
			isa = PBXProject;
			attributes = {
				LastSwiftUpdateCheck = 1130;
				LastUpgradeCheck = 1130;
				ORGANIZATIONNAME = "Matthew Martindale";
				TargetAttributes = {
					C987D5AE24292E830029ACC7 = {
						CreatedOnToolsVersion = 11.3.1;
					};
				};
			};
			buildConfigurationList = C987D5AA24292E830029ACC7 /* Build configuration list for PBXProject "TipShit" */;
			compatibilityVersion = "Xcode 9.3";
			developmentRegion = en;
			hasScannedForEncodings = 0;
			knownRegions = (
				en,
				Base,
			);
			mainGroup = C987D5A624292E830029ACC7;
			productRefGroup = C987D5B024292E830029ACC7 /* Products */;
			projectDirPath = "";
			projectRoot = "";
			targets = (
				C987D5AE24292E830029ACC7 /* TipShit */,
			);
		};
/* End PBXProject section */

/* Begin PBXResourcesBuildPhase section */
		C987D5AD24292E830029ACC7 /* Resources */ = {
			isa = PBXResourcesBuildPhase;
			buildActionMask = 2147483647;
			files = (
				C987D5BF24292E840029ACC7 /* LaunchScreen.storyboard in Resources */,
				C987D5BC24292E840029ACC7 /* Assets.xcassets in Resources */,
				C987D5BA24292E830029ACC7 /* Main.storyboard in Resources */,
			);
			runOnlyForDeploymentPostprocessing = 0;
		};
/* End PBXResourcesBuildPhase section */

/* Begin PBXSourcesBuildPhase section */
		C987D5AB24292E830029ACC7 /* Sources */ = {
			isa = PBXSourcesBuildPhase;
			buildActionMask = 2147483647;
			files = (
				C987D5CA2429A9C40029ACC7 /* MainViewController.swift in Sources */,
				C967C0EB247CAF4200C33BF4 /* Date+Formatter.swift in Sources */,
				C904D511242B0DA200B774E9 /* Comments.swift in Sources */,
				C987D5B324292E830029ACC7 /* AppDelegate.swift in Sources */,
				C904D515242B2AA200B774E9 /* Tip.swift in Sources */,
				C967C0ED247CBA5A00C33BF4 /* Tips.swift in Sources */,
				C967C0E9247CAA5400C33BF4 /* HistoryTableViewCell.swift in Sources */,
				C987D5B524292E830029ACC7 /* SceneDelegate.swift in Sources */,
				C967C0E7247CA95900C33BF4 /* HistoryTableViewController.swift in Sources */,
				C904D50F242AD04300B774E9 /* TipController.swift in Sources */,
				C904D517242C12B900B774E9 /* AlertMessages.swift in Sources */,
				C904D513242B0F4100B774E9 /* TipDetailViewController.swift in Sources */,
			);
			runOnlyForDeploymentPostprocessing = 0;
		};
/* End PBXSourcesBuildPhase section */

/* Begin PBXVariantGroup section */
		C987D5B824292E830029ACC7 /* Main.storyboard */ = {
			isa = PBXVariantGroup;
			children = (
				C987D5B924292E830029ACC7 /* Base */,
			);
			name = Main.storyboard;
			sourceTree = "<group>";
		};
		C987D5BD24292E840029ACC7 /* LaunchScreen.storyboard */ = {
			isa = PBXVariantGroup;
			children = (
				C987D5BE24292E840029ACC7 /* Base */,
			);
			name = LaunchScreen.storyboard;
			sourceTree = "<group>";
		};
/* End PBXVariantGroup section */

/* Begin XCBuildConfiguration section */
		C987D5C124292E840029ACC7 /* Debug */ = {
			isa = XCBuildConfiguration;
			buildSettings = {
				ALWAYS_SEARCH_USER_PATHS = NO;
				CLANG_ANALYZER_NONNULL = YES;
				CLANG_ANALYZER_NUMBER_OBJECT_CONVERSION = YES_AGGRESSIVE;
				CLANG_CXX_LANGUAGE_STANDARD = "gnu++14";
				CLANG_CXX_LIBRARY = "libc++";
				CLANG_ENABLE_MODULES = YES;
				CLANG_ENABLE_OBJC_ARC = YES;
				CLANG_ENABLE_OBJC_WEAK = YES;
				CLANG_WARN_BLOCK_CAPTURE_AUTORELEASING = YES;
				CLANG_WARN_BOOL_CONVERSION = YES;
				CLANG_WARN_COMMA = YES;
				CLANG_WARN_CONSTANT_CONVERSION = YES;
				CLANG_WARN_DEPRECATED_OBJC_IMPLEMENTATIONS = YES;
				CLANG_WARN_DIRECT_OBJC_ISA_USAGE = YES_ERROR;
				CLANG_WARN_DOCUMENTATION_COMMENTS = YES;
				CLANG_WARN_EMPTY_BODY = YES;
				CLANG_WARN_ENUM_CONVERSION = YES;
				CLANG_WARN_INFINITE_RECURSION = YES;
				CLANG_WARN_INT_CONVERSION = YES;
				CLANG_WARN_NON_LITERAL_NULL_CONVERSION = YES;
				CLANG_WARN_OBJC_IMPLICIT_RETAIN_SELF = YES;
				CLANG_WARN_OBJC_LITERAL_CONVERSION = YES;
				CLANG_WARN_OBJC_ROOT_CLASS = YES_ERROR;
				CLANG_WARN_RANGE_LOOP_ANALYSIS = YES;
				CLANG_WARN_STRICT_PROTOTYPES = YES;
				CLANG_WARN_SUSPICIOUS_MOVE = YES;
				CLANG_WARN_UNGUARDED_AVAILABILITY = YES_AGGRESSIVE;
				CLANG_WARN_UNREACHABLE_CODE = YES;
				CLANG_WARN__DUPLICATE_METHOD_MATCH = YES;
				COPY_PHASE_STRIP = NO;
				DEBUG_INFORMATION_FORMAT = dwarf;
				ENABLE_STRICT_OBJC_MSGSEND = YES;
				ENABLE_TESTABILITY = YES;
				GCC_C_LANGUAGE_STANDARD = gnu11;
				GCC_DYNAMIC_NO_PIC = NO;
				GCC_NO_COMMON_BLOCKS = YES;
				GCC_OPTIMIZATION_LEVEL = 0;
				GCC_PREPROCESSOR_DEFINITIONS = (
					"DEBUG=1",
					"$(inherited)",
				);
				GCC_WARN_64_TO_32_BIT_CONVERSION = YES;
				GCC_WARN_ABOUT_RETURN_TYPE = YES_ERROR;
				GCC_WARN_UNDECLARED_SELECTOR = YES;
				GCC_WARN_UNINITIALIZED_AUTOS = YES_AGGRESSIVE;
				GCC_WARN_UNUSED_FUNCTION = YES;
				GCC_WARN_UNUSED_VARIABLE = YES;
				IPHONEOS_DEPLOYMENT_TARGET = 13.2;
				MTL_ENABLE_DEBUG_INFO = INCLUDE_SOURCE;
				MTL_FAST_MATH = YES;
				ONLY_ACTIVE_ARCH = YES;
				SDKROOT = iphoneos;
				SWIFT_ACTIVE_COMPILATION_CONDITIONS = DEBUG;
				SWIFT_OPTIMIZATION_LEVEL = "-Onone";
			};
			name = Debug;
		};
		C987D5C224292E840029ACC7 /* Release */ = {
			isa = XCBuildConfiguration;
			buildSettings = {
				ALWAYS_SEARCH_USER_PATHS = NO;
				CLANG_ANALYZER_NONNULL = YES;
				CLANG_ANALYZER_NUMBER_OBJECT_CONVERSION = YES_AGGRESSIVE;
				CLANG_CXX_LANGUAGE_STANDARD = "gnu++14";
				CLANG_CXX_LIBRARY = "libc++";
				CLANG_ENABLE_MODULES = YES;
				CLANG_ENABLE_OBJC_ARC = YES;
				CLANG_ENABLE_OBJC_WEAK = YES;
				CLANG_WARN_BLOCK_CAPTURE_AUTORELEASING = YES;
				CLANG_WARN_BOOL_CONVERSION = YES;
				CLANG_WARN_COMMA = YES;
				CLANG_WARN_CONSTANT_CONVERSION = YES;
				CLANG_WARN_DEPRECATED_OBJC_IMPLEMENTATIONS = YES;
				CLANG_WARN_DIRECT_OBJC_ISA_USAGE = YES_ERROR;
				CLANG_WARN_DOCUMENTATION_COMMENTS = YES;
				CLANG_WARN_EMPTY_BODY = YES;
				CLANG_WARN_ENUM_CONVERSION = YES;
				CLANG_WARN_INFINITE_RECURSION = YES;
				CLANG_WARN_INT_CONVERSION = YES;
				CLANG_WARN_NON_LITERAL_NULL_CONVERSION = YES;
				CLANG_WARN_OBJC_IMPLICIT_RETAIN_SELF = YES;
				CLANG_WARN_OBJC_LITERAL_CONVERSION = YES;
				CLANG_WARN_OBJC_ROOT_CLASS = YES_ERROR;
				CLANG_WARN_RANGE_LOOP_ANALYSIS = YES;
				CLANG_WARN_STRICT_PROTOTYPES = YES;
				CLANG_WARN_SUSPICIOUS_MOVE = YES;
				CLANG_WARN_UNGUARDED_AVAILABILITY = YES_AGGRESSIVE;
				CLANG_WARN_UNREACHABLE_CODE = YES;
				CLANG_WARN__DUPLICATE_METHOD_MATCH = YES;
				COPY_PHASE_STRIP = NO;
				DEBUG_INFORMATION_FORMAT = "dwarf-with-dsym";
				ENABLE_NS_ASSERTIONS = NO;
				ENABLE_STRICT_OBJC_MSGSEND = YES;
				GCC_C_LANGUAGE_STANDARD = gnu11;
				GCC_NO_COMMON_BLOCKS = YES;
				GCC_WARN_64_TO_32_BIT_CONVERSION = YES;
				GCC_WARN_ABOUT_RETURN_TYPE = YES_ERROR;
				GCC_WARN_UNDECLARED_SELECTOR = YES;
				GCC_WARN_UNINITIALIZED_AUTOS = YES_AGGRESSIVE;
				GCC_WARN_UNUSED_FUNCTION = YES;
				GCC_WARN_UNUSED_VARIABLE = YES;
				IPHONEOS_DEPLOYMENT_TARGET = 13.2;
				MTL_ENABLE_DEBUG_INFO = NO;
				MTL_FAST_MATH = YES;
				SDKROOT = iphoneos;
				SWIFT_COMPILATION_MODE = wholemodule;
				SWIFT_OPTIMIZATION_LEVEL = "-O";
				VALIDATE_PRODUCT = YES;
			};
			name = Release;
		};
		C987D5C424292E840029ACC7 /* Debug */ = {
			isa = XCBuildConfiguration;
			buildSettings = {
				ASSETCATALOG_COMPILER_APPICON_NAME = AppIcon;
				CODE_SIGN_STYLE = Automatic;
				INFOPLIST_FILE = TipShit/Info.plist;
				LD_RUNPATH_SEARCH_PATHS = (
					"$(inherited)",
					"@executable_path/Frameworks",
				);
				PRODUCT_BUNDLE_IDENTIFIER = com.mattmartindale.TipShit;
				PRODUCT_NAME = "$(TARGET_NAME)";
				SWIFT_VERSION = 5.0;
				TARGETED_DEVICE_FAMILY = 1;
			};
			name = Debug;
		};
		C987D5C524292E840029ACC7 /* Release */ = {
			isa = XCBuildConfiguration;
			buildSettings = {
				ASSETCATALOG_COMPILER_APPICON_NAME = AppIcon;
				CODE_SIGN_STYLE = Automatic;
				INFOPLIST_FILE = TipShit/Info.plist;
				LD_RUNPATH_SEARCH_PATHS = (
					"$(inherited)",
					"@executable_path/Frameworks",
				);
				PRODUCT_BUNDLE_IDENTIFIER = com.mattmartindale.TipShit;
				PRODUCT_NAME = "$(TARGET_NAME)";
				SWIFT_VERSION = 5.0;
				TARGETED_DEVICE_FAMILY = 1;
			};
			name = Release;
		};
/* End XCBuildConfiguration section */

/* Begin XCConfigurationList section */
		C987D5AA24292E830029ACC7 /* Build configuration list for PBXProject "TipShit" */ = {
			isa = XCConfigurationList;
			buildConfigurations = (
				C987D5C124292E840029ACC7 /* Debug */,
				C987D5C224292E840029ACC7 /* Release */,
			);
			defaultConfigurationIsVisible = 0;
			defaultConfigurationName = Release;
		};
		C987D5C324292E840029ACC7 /* Build configuration list for PBXNativeTarget "TipShit" */ = {
			isa = XCConfigurationList;
			buildConfigurations = (
				C987D5C424292E840029ACC7 /* Debug */,
				C987D5C524292E840029ACC7 /* Release */,
			);
			defaultConfigurationIsVisible = 0;
			defaultConfigurationName = Release;
		};
/* End XCConfigurationList section */
	};
	rootObject = C987D5A724292E830029ACC7 /* Project object */;
}
